
Microsoft Visual Studio Solution File, Format Version 12.00
# Visual Studio Version 17
VisualStudioVersion = 17.8.34525.116
MinimumVisualStudioVersion = 10.0.40219.1
Project("{FAE04EC0-301F-11D3-BF4B-00C04F79EFBC}") = "Lab19", "Lab19\Lab19.csproj", "{B50A60D7-F19D-4B87-9E4A-5E0161D4271A}"
EndProject
Global
	GlobalSection(SolutionConfigurationPlatforms) = preSolution
		Debug|Any CPU = Debug|Any CPU
		Release|Any CPU = Release|Any CPU
	EndGlobalSection
	GlobalSection(ProjectConfigurationPlatforms) = postSolution
		{B50A60D7-F19D-4B87-9E4A-5E0161D4271A}.Debug|Any CPU.ActiveCfg = Debug|Any CPU
		{B50A60D7-F19D-4B87-9E4A-5E0161D4271A}.Debug|Any CPU.Build.0 = Debug|Any CPU
		{B50A60D7-F19D-4B87-9E4A-5E0161D4271A}.Release|Any CPU.ActiveCfg = Release|Any CPU
		{B50A60D7-F19D-4B87-9E4A-5E0161D4271A}.Release|Any CPU.Build.0 = Release|Any CPU
	EndGlobalSection
	GlobalSection(SolutionProperties) = preSolution
		HideSolutionNode = FALSE
	EndGlobalSection
	GlobalSection(ExtensibilityGlobals) = postSolution
		SolutionGuid = {D3991C5F-45B0-43BB-8E79-CEE6EB290F04}
	EndGlobalSection
EndGlobal
